{
	"name": "binary-install-example",
	"version": "0.2.0",
	"lockfileVersion": 1,
	"requires": true,
	"dependencies": {
		"clone": {
			"version": "1.0.4",
			"resolved": "https://registry.npmjs.org/clone/-/clone-1.0.4.tgz",
			"integrity": "sha1-2jCcwmPfFZlMaIypAheco8fNfH4=",
			"optional": true
		},
		"console.table": {
			"version": "0.10.0",
			"resolved": "https://registry.npmjs.org/console.table/-/console.table-0.10.0.tgz",
			"integrity": "sha1-CRcCVYiHW+/XDPLv9L7yxuLXXQQ=",
			"requires": {
				"easy-table": "1.1.0"
			}
		},
		"defaults": {
			"version": "1.0.3",
			"resolved": "https://registry.npmjs.org/defaults/-/defaults-1.0.3.tgz",
			"integrity": "sha1-xlYFHpgX2f8I7YgUd/P+QBnz730=",
			"optional": true,
			"requires": {
				"clone": "^1.0.2"
			}
		},
		"easy-table": {
			"version": "1.1.0",
			"resolved": "https://registry.npmjs.org/easy-table/-/easy-table-1.1.0.tgz",
			"integrity": "sha1-hvmrTBAvA3G3KXuSplHVgkvIy3M=",
			"requires": {
				"wcwidth": ">=1.0.1"
			}
		},
		"prettier": {
			"version": "1.19.1",
			"resolved": "https://registry.npmjs.org/prettier/-/prettier-1.19.1.tgz",
			"integrity": "sha512-s7PoyDv/II1ObgQunCbB9PdLmUcBZcnWOcxDh7O0N/UwDEsHyqkW+Qh28jW+mVuCdx7gLB0BotYI1Y6uI9iyew==",
			"dev": true
		},
		"wcwidth": {
			"version": "1.0.1",
			"resolved": "https://registry.npmjs.org/wcwidth/-/wcwidth-1.0.1.tgz",
			"integrity": "sha1-8LDc+RW8X/FSivrbLA4XtTLaL+g=",
			"optional": true,
			"requires": {
				"defaults": "^1.0.3"
			}
		}
	}
}
